
Microsoft Visual Studio Solution File, Format Version 12.00
# Visual Studio Version 16
VisualStudioVersion = 16.0.31105.61
MinimumVisualStudioVersion = 10.0.40219.1
Project("{FAE04EC0-301F-11D3-BF4B-00C04F79EFBC}") = "Euler", "Euler\Euler.csproj", "{083E6FC6-3F85-4D62-90B0-6BB1FC5AF203}"
EndProject
Project("{FAE04EC0-301F-11D3-BF4B-00C04F79EFBC}") = "EulerTest", "EulerTest\EulerTest.csproj", "{B4AB5542-B9A6-4976-8E29-8B6922CF0AAD}"
EndProject
Global
	GlobalSection(SolutionConfigurationPlatforms) = preSolution
		Debug|Any CPU = Debug|Any CPU
		Release|Any CPU = Release|Any CPU
	EndGlobalSection
	GlobalSection(ProjectConfigurationPlatforms) = postSolution
		{083E6FC6-3F85-4D62-90B0-6BB1FC5AF203}.Debug|Any CPU.ActiveCfg = Debug|Any CPU
		{083E6FC6-3F85-4D62-90B0-6BB1FC5AF203}.Debug|Any CPU.Build.0 = Debug|Any CPU
		{083E6FC6-3F85-4D62-90B0-6BB1FC5AF203}.Release|Any CPU.ActiveCfg = Release|Any CPU
		{083E6FC6-3F85-4D62-90B0-6BB1FC5AF203}.Release|Any CPU.Build.0 = Release|Any CPU
		{B4AB5542-B9A6-4976-8E29-8B6922CF0AAD}.Debug|Any CPU.ActiveCfg = Debug|Any CPU
		{B4AB5542-B9A6-4976-8E29-8B6922CF0AAD}.Debug|Any CPU.Build.0 = Debug|Any CPU
		{B4AB5542-B9A6-4976-8E29-8B6922CF0AAD}.Release|Any CPU.ActiveCfg = Release|Any CPU
		{B4AB5542-B9A6-4976-8E29-8B6922CF0AAD}.Release|Any CPU.Build.0 = Release|Any CPU
	EndGlobalSection
	GlobalSection(SolutionProperties) = preSolution
		HideSolutionNode = FALSE
	EndGlobalSection
	GlobalSection(ExtensibilityGlobals) = postSolution
		SolutionGuid = {3C8CF0A4-AE25-4030-89FA-58D4829E8BE0}
	EndGlobalSection
EndGlobal
